
Microsoft Visual Studio Solution File, Format Version 12.00
# Visual Studio Version 17
VisualStudioVersion = 17.0.31903.59
MinimumVisualStudioVersion = 10.0.40219.1
Project("{FAE04EC0-301F-11D3-BF4B-00C04F79EFBC}") = "CarAuction.Domain", "CarAuction.Domain\CarAuction.Domain.csproj", "{6C194D6F-1206-4AA2-A918-44F02EEB8A91}"
EndProject
Project("{FAE04EC0-301F-11D3-BF4B-00C04F79EFBC}") = "CarAuction.Application", "CarAuction.Application\CarAuction.Application.csproj", "{85605EAF-8B7C-47B0-A7BD-2E80064C0A8C}"
EndProject
Project("{FAE04EC0-301F-11D3-BF4B-00C04F79EFBC}") = "CarAuction.Infrastructure", "CarAuction.Infrastructure\CarAuction.Infrastructure.csproj", "{216468ED-FBDE-4439-8FAB-4FAA6FA59464}"
EndProject
Project("{FAE04EC0-301F-11D3-BF4B-00C04F79EFBC}") = "CarAuction.API", "CarAuction.API\CarAuction.API.csproj", "{CD20DC28-D441-4C1A-8B88-BD1EBAD88005}"
EndProject
Global
	GlobalSection(SolutionConfigurationPlatforms) = preSolution
		Debug|Any CPU = Debug|Any CPU
		Release|Any CPU = Release|Any CPU
	EndGlobalSection
	GlobalSection(SolutionProperties) = preSolution
		HideSolutionNode = FALSE
	EndGlobalSection
	GlobalSection(ProjectConfigurationPlatforms) = postSolution
		{6C194D6F-1206-4AA2-A918-44F02EEB8A91}.Debug|Any CPU.ActiveCfg = Debug|Any CPU
		{6C194D6F-1206-4AA2-A918-44F02EEB8A91}.Debug|Any CPU.Build.0 = Debug|Any CPU
		{6C194D6F-1206-4AA2-A918-44F02EEB8A91}.Release|Any CPU.ActiveCfg = Release|Any CPU
		{6C194D6F-1206-4AA2-A918-44F02EEB8A91}.Release|Any CPU.Build.0 = Release|Any CPU
		{85605EAF-8B7C-47B0-A7BD-2E80064C0A8C}.Debug|Any CPU.ActiveCfg = Debug|Any CPU
		{85605EAF-8B7C-47B0-A7BD-2E80064C0A8C}.Debug|Any CPU.Build.0 = Debug|Any CPU
		{85605EAF-8B7C-47B0-A7BD-2E80064C0A8C}.Release|Any CPU.ActiveCfg = Release|Any CPU
		{85605EAF-8B7C-47B0-A7BD-2E80064C0A8C}.Release|Any CPU.Build.0 = Release|Any CPU
		{216468ED-FBDE-4439-8FAB-4FAA6FA59464}.Debug|Any CPU.ActiveCfg = Debug|Any CPU
		{216468ED-FBDE-4439-8FAB-4FAA6FA59464}.Debug|Any CPU.Build.0 = Debug|Any CPU
		{216468ED-FBDE-4439-8FAB-4FAA6FA59464}.Release|Any CPU.ActiveCfg = Release|Any CPU
		{216468ED-FBDE-4439-8FAB-4FAA6FA59464}.Release|Any CPU.Build.0 = Release|Any CPU
		{CD20DC28-D441-4C1A-8B88-BD1EBAD88005}.Debug|Any CPU.ActiveCfg = Debug|Any CPU
		{CD20DC28-D441-4C1A-8B88-BD1EBAD88005}.Debug|Any CPU.Build.0 = Debug|Any CPU
		{CD20DC28-D441-4C1A-8B88-BD1EBAD88005}.Release|Any CPU.ActiveCfg = Release|Any CPU
		{CD20DC28-D441-4C1A-8B88-BD1EBAD88005}.Release|Any CPU.Build.0 = Release|Any CPU
	EndGlobalSection
EndGlobal
